// !$*UTF8*$!
{
	archiveVersion = 1;
	classes = {
	};
	objectVersion = 50;
	objects = {

/* Begin PBXBuildFile section */
		1D99534126F0378B002D2AB5 /* AppDelegate.swift in Sources */ = {isa = PBXBuildFile; fileRef = 1D99534026F0378B002D2AB5 /* AppDelegate.swift */; };
		1D99534326F0378B002D2AB5 /* SceneDelegate.swift in Sources */ = {isa = PBXBuildFile; fileRef = 1D99534226F0378B002D2AB5 /* SceneDelegate.swift */; };
		1D99534826F0378B002D2AB5 /* Main.storyboard in Resources */ = {isa = PBXBuildFile; fileRef = 1D99534626F0378B002D2AB5 /* Main.storyboard */; };
		1D99534A26F0378E002D2AB5 /* Assets.xcassets in Resources */ = {isa = PBXBuildFile; fileRef = 1D99534926F0378E002D2AB5 /* Assets.xcassets */; };
		1D99534D26F0378E002D2AB5 /* LaunchScreen.storyboard in Resources */ = {isa = PBXBuildFile; fileRef = 1D99534B26F0378E002D2AB5 /* LaunchScreen.storyboard */; };
		1D99537126F03D63002D2AB5 /* ScrollingMenuViewModelTests.swift in Sources */ = {isa = PBXBuildFile; fileRef = 1D99537026F03D63002D2AB5 /* ScrollingMenuViewModelTests.swift */; };
		1D99537326F040A8002D2AB5 /* ScrollingMenuViewControllerTests.swift in Sources */ = {isa = PBXBuildFile; fileRef = 1D99537226F040A8002D2AB5 /* ScrollingMenuViewControllerTests.swift */; };
		1D99537526F0434E002D2AB5 /* ScrollingMenuViewController.swift in Sources */ = {isa = PBXBuildFile; fileRef = 1D99537426F0434E002D2AB5 /* ScrollingMenuViewController.swift */; };
		1D99537726F049CC002D2AB5 /* ScrollingMenu.storyboard in Resources */ = {isa = PBXBuildFile; fileRef = 1D99537626F049CC002D2AB5 /* ScrollingMenu.storyboard */; };
		1D99537926F051F4002D2AB5 /* ScrollingMenuViewModelSpy.swift in Sources */ = {isa = PBXBuildFile; fileRef = 1D99537826F051F4002D2AB5 /* ScrollingMenuViewModelSpy.swift */; };
		1D99537B26F05617002D2AB5 /* ScrollingMenuViewModel.swift in Sources */ = {isa = PBXBuildFile; fileRef = 1D99537A26F05617002D2AB5 /* ScrollingMenuViewModel.swift */; };
		1D99538126F091E5002D2AB5 /* TestHelpers.swift in Sources */ = {isa = PBXBuildFile; fileRef = 1D99538026F091E5002D2AB5 /* TestHelpers.swift */; };
		1D99538826F096B8002D2AB5 /* ScrollingMenuSingleViewModelTests.swift in Sources */ = {isa = PBXBuildFile; fileRef = 1D99538726F096B8002D2AB5 /* ScrollingMenuSingleViewModelTests.swift */; };
		1D99538A26F097F4002D2AB5 /* ScrollingMenuSingleViewModel.swift in Sources */ = {isa = PBXBuildFile; fileRef = 1D99538926F097F4002D2AB5 /* ScrollingMenuSingleViewModel.swift */; };
		1D99538C26F09874002D2AB5 /* ScrollingMenuSingleCellTests.swift in Sources */ = {isa = PBXBuildFile; fileRef = 1D99538B26F09874002D2AB5 /* ScrollingMenuSingleCellTests.swift */; };
		1D99538E26F0A971002D2AB5 /* ImageDataLoader.swift in Sources */ = {isa = PBXBuildFile; fileRef = 1D99538D26F0A970002D2AB5 /* ImageDataLoader.swift */; };
		1D99539126F0B228002D2AB5 /* ImageDataLoaderService.swift in Sources */ = {isa = PBXBuildFile; fileRef = 1D99539026F0B228002D2AB5 /* ImageDataLoaderService.swift */; };
		1D99539426F0C869002D2AB5 /* UITableView+Dequeueing.swift in Sources */ = {isa = PBXBuildFile; fileRef = 1D99539326F0C869002D2AB5 /* UITableView+Dequeueing.swift */; };
		1D99539626F0CA39002D2AB5 /* ScrollingMenuSingleCellController.swift in Sources */ = {isa = PBXBuildFile; fileRef = 1D99539526F0CA39002D2AB5 /* ScrollingMenuSingleCellController.swift */; };
		1D99539826F0CE1A002D2AB5 /* UIImageView+Animations.swift in Sources */ = {isa = PBXBuildFile; fileRef = 1D99539726F0CE1A002D2AB5 /* UIImageView+Animations.swift */; };
		1D99539A26F0CE5C002D2AB5 /* UIView+Shimmering.swift in Sources */ = {isa = PBXBuildFile; fileRef = 1D99539926F0CE5C002D2AB5 /* UIView+Shimmering.swift */; };
		1D99539C26F0CFC0002D2AB5 /* ScrollingMenuSingleCell.swift in Sources */ = {isa = PBXBuildFile; fileRef = 1D99539B26F0CFC0002D2AB5 /* ScrollingMenuSingleCell.swift */; };
		1D99539E26F0D182002D2AB5 /* CellController.swift in Sources */ = {isa = PBXBuildFile; fileRef = 1D99539D26F0D182002D2AB5 /* CellController.swift */; };
		1D9953A026F0D746002D2AB5 /* ScrollingMenuGridCell.swift in Sources */ = {isa = PBXBuildFile; fileRef = 1D99539F26F0D746002D2AB5 /* ScrollingMenuGridCell.swift */; };
		1D9953A226F0D775002D2AB5 /* ScrollingMenuHorizontalCell.swift in Sources */ = {isa = PBXBuildFile; fileRef = 1D9953A126F0D775002D2AB5 /* ScrollingMenuHorizontalCell.swift */; };
		1D9953A426F0D7E8002D2AB5 /* ScrollingMenuGridCellController.swift in Sources */ = {isa = PBXBuildFile; fileRef = 1D9953A326F0D7E8002D2AB5 /* ScrollingMenuGridCellController.swift */; };
		1D9953A626F0D849002D2AB5 /* ScrollingMenuHorizontalCellController.swift in Sources */ = {isa = PBXBuildFile; fileRef = 1D9953A526F0D849002D2AB5 /* ScrollingMenuHorizontalCellController.swift */; };
		1DDE0D6826F18623004C1347 /* CompanyData.swift in Sources */ = {isa = PBXBuildFile; fileRef = 1DDE0D6726F18623004C1347 /* CompanyData.swift */; };
		1DDE0D6A26F18733004C1347 /* UIImage+RandomColor.swift in Sources */ = {isa = PBXBuildFile; fileRef = 1DDE0D6926F18733004C1347 /* UIImage+RandomColor.swift */; };
		1DDE0D6D26F189AA004C1347 /* MenuComposer.swift in Sources */ = {isa = PBXBuildFile; fileRef = 1DDE0D6C26F189AA004C1347 /* MenuComposer.swift */; };
/* End PBXBuildFile section */

/* Begin PBXContainerItemProxy section */
		1D99535426F0378F002D2AB5 /* PBXContainerItemProxy */ = {
			isa = PBXContainerItemProxy;
			containerPortal = 1D99533526F0378B002D2AB5 /* Project object */;
			proxyType = 1;
			remoteGlobalIDString = 1D99533C26F0378B002D2AB5;
			remoteInfo = ScrollingMenu;
		};
/* End PBXContainerItemProxy section */

/* Begin PBXFileReference section */
		1D99533D26F0378B002D2AB5 /* ScrollingMenu.app */ = {isa = PBXFileReference; explicitFileType = wrapper.application; includeInIndex = 0; path = ScrollingMenu.app; sourceTree = BUILT_PRODUCTS_DIR; };
		1D99534026F0378B002D2AB5 /* AppDelegate.swift */ = {isa = PBXFileReference; lastKnownFileType = sourcecode.swift; path = AppDelegate.swift; sourceTree = "<group>"; };
		1D99534226F0378B002D2AB5 /* SceneDelegate.swift */ = {isa = PBXFileReference; lastKnownFileType = sourcecode.swift; path = SceneDelegate.swift; sourceTree = "<group>"; };
		1D99534726F0378B002D2AB5 /* Base */ = {isa = PBXFileReference; lastKnownFileType = file.storyboard; name = Base; path = Base.lproj/Main.storyboard; sourceTree = "<group>"; };
		1D99534926F0378E002D2AB5 /* Assets.xcassets */ = {isa = PBXFileReference; lastKnownFileType = folder.assetcatalog; path = Assets.xcassets; sourceTree = "<group>"; };
		1D99534C26F0378E002D2AB5 /* Base */ = {isa = PBXFileReference; lastKnownFileType = file.storyboard; name = Base; path = Base.lproj/LaunchScreen.storyboard; sourceTree = "<group>"; };
		1D99534E26F0378E002D2AB5 /* Info.plist */ = {isa = PBXFileReference; lastKnownFileType = text.plist.xml; path = Info.plist; sourceTree = "<group>"; };
		1D99535326F0378F002D2AB5 /* ScrollingMenuTests.xctest */ = {isa = PBXFileReference; explicitFileType = wrapper.cfbundle; includeInIndex = 0; path = ScrollingMenuTests.xctest; sourceTree = BUILT_PRODUCTS_DIR; };
		1D99535926F0378F002D2AB5 /* Info.plist */ = {isa = PBXFileReference; lastKnownFileType = text.plist.xml; path = Info.plist; sourceTree = "<group>"; };
		1D99537026F03D63002D2AB5 /* ScrollingMenuViewModelTests.swift */ = {isa = PBXFileReference; lastKnownFileType = sourcecode.swift; path = ScrollingMenuViewModelTests.swift; sourceTree = "<group>"; };
		1D99537226F040A8002D2AB5 /* ScrollingMenuViewControllerTests.swift */ = {isa = PBXFileReference; lastKnownFileType = sourcecode.swift; path = ScrollingMenuViewControllerTests.swift; sourceTree = "<group>"; };
		1D99537426F0434E002D2AB5 /* ScrollingMenuViewController.swift */ = {isa = PBXFileReference; lastKnownFileType = sourcecode.swift; path = ScrollingMenuViewController.swift; sourceTree = "<group>"; };
		1D99537626F049CC002D2AB5 /* ScrollingMenu.storyboard */ = {isa = PBXFileReference; lastKnownFileType = file.storyboard; path = ScrollingMenu.storyboard; sourceTree = "<group>"; };
		1D99537826F051F4002D2AB5 /* ScrollingMenuViewModelSpy.swift */ = {isa = PBXFileReference; lastKnownFileType = sourcecode.swift; path = ScrollingMenuViewModelSpy.swift; sourceTree = "<group>"; };
		1D99537A26F05617002D2AB5 /* ScrollingMenuViewModel.swift */ = {isa = PBXFileReference; lastKnownFileType = sourcecode.swift; path = ScrollingMenuViewModel.swift; sourceTree = "<group>"; };
		1D99538026F091E5002D2AB5 /* TestHelpers.swift */ = {isa = PBXFileReference; lastKnownFileType = sourcecode.swift; path = TestHelpers.swift; sourceTree = "<group>"; };
		1D99538726F096B8002D2AB5 /* ScrollingMenuSingleViewModelTests.swift */ = {isa = PBXFileReference; lastKnownFileType = sourcecode.swift; path = ScrollingMenuSingleViewModelTests.swift; sourceTree = "<group>"; };
		1D99538926F097F4002D2AB5 /* ScrollingMenuSingleViewModel.swift */ = {isa = PBXFileReference; lastKnownFileType = sourcecode.swift; path = ScrollingMenuSingleViewModel.swift; sourceTree = "<group>"; };
		1D99538B26F09874002D2AB5 /* ScrollingMenuSingleCellTests.swift */ = {isa = PBXFileReference; lastKnownFileType = sourcecode.swift; path = ScrollingMenuSingleCellTests.swift; sourceTree = "<group>"; };
		1D99538D26F0A970002D2AB5 /* ImageDataLoader.swift */ = {isa = PBXFileReference; lastKnownFileType = sourcecode.swift; path = ImageDataLoader.swift; sourceTree = "<group>"; };
		1D99539026F0B228002D2AB5 /* ImageDataLoaderService.swift */ = {isa = PBXFileReference; lastKnownFileType = sourcecode.swift; path = ImageDataLoaderService.swift; sourceTree = "<group>"; };
		1D99539326F0C869002D2AB5 /* UITableView+Dequeueing.swift */ = {isa = PBXFileReference; lastKnownFileType = sourcecode.swift; path = "UITableView+Dequeueing.swift"; sourceTree = "<group>"; };
		1D99539526F0CA39002D2AB5 /* ScrollingMenuSingleCellController.swift */ = {isa = PBXFileReference; lastKnownFileType = sourcecode.swift; path = ScrollingMenuSingleCellController.swift; sourceTree = "<group>"; };
		1D99539726F0CE1A002D2AB5 /* UIImageView+Animations.swift */ = {isa = PBXFileReference; lastKnownFileType = sourcecode.swift; path = "UIImageView+Animations.swift"; sourceTree = "<group>"; };
		1D99539926F0CE5C002D2AB5 /* UIView+Shimmering.swift */ = {isa = PBXFileReference; lastKnownFileType = sourcecode.swift; path = "UIView+Shimmering.swift"; sourceTree = "<group>"; };
		1D99539B26F0CFC0002D2AB5 /* ScrollingMenuSingleCell.swift */ = {isa = PBXFileReference; lastKnownFileType = sourcecode.swift; path = ScrollingMenuSingleCell.swift; sourceTree = "<group>"; };
		1D99539D26F0D182002D2AB5 /* CellController.swift */ = {isa = PBXFileReference; lastKnownFileType = sourcecode.swift; path = CellController.swift; sourceTree = "<group>"; };
		1D99539F26F0D746002D2AB5 /* ScrollingMenuGridCell.swift */ = {isa = PBXFileReference; lastKnownFileType = sourcecode.swift; path = ScrollingMenuGridCell.swift; sourceTree = "<group>"; };
		1D9953A126F0D775002D2AB5 /* ScrollingMenuHorizontalCell.swift */ = {isa = PBXFileReference; lastKnownFileType = sourcecode.swift; path = ScrollingMenuHorizontalCell.swift; sourceTree = "<group>"; };
		1D9953A326F0D7E8002D2AB5 /* ScrollingMenuGridCellController.swift */ = {isa = PBXFileReference; lastKnownFileType = sourcecode.swift; path = ScrollingMenuGridCellController.swift; sourceTree = "<group>"; };
		1D9953A526F0D849002D2AB5 /* ScrollingMenuHorizontalCellController.swift */ = {isa = PBXFileReference; lastKnownFileType = sourcecode.swift; path = ScrollingMenuHorizontalCellController.swift; sourceTree = "<group>"; };
		1DDE0D6726F18623004C1347 /* CompanyData.swift */ = {isa = PBXFileReference; lastKnownFileType = sourcecode.swift; path = CompanyData.swift; sourceTree = "<group>"; };
		1DDE0D6926F18733004C1347 /* UIImage+RandomColor.swift */ = {isa = PBXFileReference; lastKnownFileType = sourcecode.swift; path = "UIImage+RandomColor.swift"; sourceTree = "<group>"; };
		1DDE0D6C26F189AA004C1347 /* MenuComposer.swift */ = {isa = PBXFileReference; lastKnownFileType = sourcecode.swift; path = MenuComposer.swift; sourceTree = "<group>"; };
/* End PBXFileReference section */

/* Begin PBXFrameworksBuildPhase section */
		1D99533A26F0378B002D2AB5 /* Frameworks */ = {
			isa = PBXFrameworksBuildPhase;
			buildActionMask = 2147483647;
			files = (
			);
			runOnlyForDeploymentPostprocessing = 0;
		};
		1D99535026F0378F002D2AB5 /* Frameworks */ = {
			isa = PBXFrameworksBuildPhase;
			buildActionMask = 2147483647;
			files = (
			);
			runOnlyForDeploymentPostprocessing = 0;
		};
/* End PBXFrameworksBuildPhase section */

/* Begin PBXGroup section */
		1D99533426F0378B002D2AB5 = {
			isa = PBXGroup;
			children = (
				1D99533F26F0378B002D2AB5 /* ScrollingMenu */,
				1D99535626F0378F002D2AB5 /* ScrollingMenuTests */,
				1D99533E26F0378B002D2AB5 /* Products */,
			);
			sourceTree = "<group>";
		};
		1D99533E26F0378B002D2AB5 /* Products */ = {
			isa = PBXGroup;
			children = (
				1D99533D26F0378B002D2AB5 /* ScrollingMenu.app */,
				1D99535326F0378F002D2AB5 /* ScrollingMenuTests.xctest */,
			);
			name = Products;
			sourceTree = "<group>";
		};
		1D99533F26F0378B002D2AB5 /* ScrollingMenu */ = {
			isa = PBXGroup;
			children = (
				1DDE0D6B26F1899A004C1347 /* Composers */,
				1DDE0D6626F18615004C1347 /* Models */,
				1D99538F26F0B218002D2AB5 /* Services */,
				1D99537E26F08C12002D2AB5 /* Views */,
				1D99537D26F08BFC002D2AB5 /* ViewModels */,
				1D99537C26F08BD8002D2AB5 /* Controllers */,
				1D99534026F0378B002D2AB5 /* AppDelegate.swift */,
				1D99534226F0378B002D2AB5 /* SceneDelegate.swift */,
				1D99534626F0378B002D2AB5 /* Main.storyboard */,
				1D99537626F049CC002D2AB5 /* ScrollingMenu.storyboard */,
				1D99534926F0378E002D2AB5 /* Assets.xcassets */,
				1D99534B26F0378E002D2AB5 /* LaunchScreen.storyboard */,
				1D99534E26F0378E002D2AB5 /* Info.plist */,
			);
			path = ScrollingMenu;
			sourceTree = "<group>";
		};
		1D99535626F0378F002D2AB5 /* ScrollingMenuTests */ = {
			isa = PBXGroup;
			children = (
				1D99538226F093A1002D2AB5 /* Views */,
				1D99538426F093B4002D2AB5 /* ViewModels */,
				1D99538326F093A8002D2AB5 /* Controllers */,
				1D99537F26F091D3002D2AB5 /* Helpers */,
				1D99535926F0378F002D2AB5 /* Info.plist */,
			);
			path = ScrollingMenuTests;
			sourceTree = "<group>";
		};
		1D99537C26F08BD8002D2AB5 /* Controllers */ = {
			isa = PBXGroup;
			children = (
				1D99539D26F0D182002D2AB5 /* CellController.swift */,
				1D99537426F0434E002D2AB5 /* ScrollingMenuViewController.swift */,
				1D99539526F0CA39002D2AB5 /* ScrollingMenuSingleCellController.swift */,
				1D9953A326F0D7E8002D2AB5 /* ScrollingMenuGridCellController.swift */,
				1D9953A526F0D849002D2AB5 /* ScrollingMenuHorizontalCellController.swift */,
			);
			path = Controllers;
			sourceTree = "<group>";
		};
		1D99537D26F08BFC002D2AB5 /* ViewModels */ = {
			isa = PBXGroup;
			children = (
				1D99537A26F05617002D2AB5 /* ScrollingMenuViewModel.swift */,
				1D99538926F097F4002D2AB5 /* ScrollingMenuSingleViewModel.swift */,
				1D99538D26F0A970002D2AB5 /* ImageDataLoader.swift */,
			);
			path = ViewModels;
			sourceTree = "<group>";
		};
		1D99537E26F08C12002D2AB5 /* Views */ = {
			isa = PBXGroup;
			children = (
				1D99539226F0C845002D2AB5 /* Helpers */,
				1D99539B26F0CFC0002D2AB5 /* ScrollingMenuSingleCell.swift */,
				1D99539F26F0D746002D2AB5 /* ScrollingMenuGridCell.swift */,
				1D9953A126F0D775002D2AB5 /* ScrollingMenuHorizontalCell.swift */,
			);
			path = Views;
			sourceTree = "<group>";
		};
		1D99537F26F091D3002D2AB5 /* Helpers */ = {
			isa = PBXGroup;
			children = (
				1D99538026F091E5002D2AB5 /* TestHelpers.swift */,
			);
			path = Helpers;
			sourceTree = "<group>";
		};
		1D99538226F093A1002D2AB5 /* Views */ = {
			isa = PBXGroup;
			children = (
				1D99538B26F09874002D2AB5 /* ScrollingMenuSingleCellTests.swift */,
			);
			path = Views;
			sourceTree = "<group>";
		};
		1D99538326F093A8002D2AB5 /* Controllers */ = {
			isa = PBXGroup;
			children = (
				1D99537226F040A8002D2AB5 /* ScrollingMenuViewControllerTests.swift */,
			);
			path = Controllers;
			sourceTree = "<group>";
		};
		1D99538426F093B4002D2AB5 /* ViewModels */ = {
			isa = PBXGroup;
			children = (
				1D99537826F051F4002D2AB5 /* ScrollingMenuViewModelSpy.swift */,
				1D99537026F03D63002D2AB5 /* ScrollingMenuViewModelTests.swift */,
				1D99538726F096B8002D2AB5 /* ScrollingMenuSingleViewModelTests.swift */,
			);
			path = ViewModels;
			sourceTree = "<group>";
		};
		1D99538F26F0B218002D2AB5 /* Services */ = {
			isa = PBXGroup;
			children = (
				1D99539026F0B228002D2AB5 /* ImageDataLoaderService.swift */,
			);
			path = Services;
			sourceTree = "<group>";
		};
		1D99539226F0C845002D2AB5 /* Helpers */ = {
			isa = PBXGroup;
			children = (
				1D99539326F0C869002D2AB5 /* UITableView+Dequeueing.swift */,
				1D99539726F0CE1A002D2AB5 /* UIImageView+Animations.swift */,
				1D99539926F0CE5C002D2AB5 /* UIView+Shimmering.swift */,
				1DDE0D6926F18733004C1347 /* UIImage+RandomColor.swift */,
			);
			path = Helpers;
			sourceTree = "<group>";
		};
		1DDE0D6626F18615004C1347 /* Models */ = {
			isa = PBXGroup;
			children = (
				1DDE0D6726F18623004C1347 /* CompanyData.swift */,
			);
			path = Models;
			sourceTree = "<group>";
		};
		1DDE0D6B26F1899A004C1347 /* Composers */ = {
			isa = PBXGroup;
			children = (
				1DDE0D6C26F189AA004C1347 /* MenuComposer.swift */,
			);
			path = Composers;
			sourceTree = "<group>";
		};
/* End PBXGroup section */

/* Begin PBXNativeTarget section */
		1D99533C26F0378B002D2AB5 /* ScrollingMenu */ = {
			isa = PBXNativeTarget;
			buildConfigurationList = 1D99536726F0378F002D2AB5 /* Build configuration list for PBXNativeTarget "ScrollingMenu" */;
			buildPhases = (
				1D99533926F0378B002D2AB5 /* Sources */,
				1D99533A26F0378B002D2AB5 /* Frameworks */,
				1D99533B26F0378B002D2AB5 /* Resources */,
			);
			buildRules = (
			);
			dependencies = (
			);
			name = ScrollingMenu;
			productName = ScrollingMenu;
			productReference = 1D99533D26F0378B002D2AB5 /* ScrollingMenu.app */;
			productType = "com.apple.product-type.application";
		};
		1D99535226F0378F002D2AB5 /* ScrollingMenuTests */ = {
			isa = PBXNativeTarget;
			buildConfigurationList = 1D99536A26F0378F002D2AB5 /* Build configuration list for PBXNativeTarget "ScrollingMenuTests" */;
			buildPhases = (
				1D99534F26F0378F002D2AB5 /* Sources */,
				1D99535026F0378F002D2AB5 /* Frameworks */,
				1D99535126F0378F002D2AB5 /* Resources */,
			);
			buildRules = (
			);
			dependencies = (
				1D99535526F0378F002D2AB5 /* PBXTargetDependency */,
			);
			name = ScrollingMenuTests;
			productName = ScrollingMenuTests;
			productReference = 1D99535326F0378F002D2AB5 /* ScrollingMenuTests.xctest */;
			productType = "com.apple.product-type.bundle.unit-test";
		};
/* End PBXNativeTarget section */

/* Begin PBXProject section */
		1D99533526F0378B002D2AB5 /* Project object */ = {
			isa = PBXProject;
			attributes = {
				LastSwiftUpdateCheck = 1250;
				LastUpgradeCheck = 1250;
				TargetAttributes = {
					1D99533C26F0378B002D2AB5 = {
						CreatedOnToolsVersion = 12.5.1;
					};
					1D99535226F0378F002D2AB5 = {
						CreatedOnToolsVersion = 12.5.1;
						LastSwiftMigration = 1250;
						TestTargetID = 1D99533C26F0378B002D2AB5;
					};
				};
			};
			buildConfigurationList = 1D99533826F0378B002D2AB5 /* Build configuration list for PBXProject "ScrollingMenu" */;
			compatibilityVersion = "Xcode 9.3";
			developmentRegion = en;
			hasScannedForEncodings = 0;
			knownRegions = (
				en,
				Base,
			);
			mainGroup = 1D99533426F0378B002D2AB5;
			productRefGroup = 1D99533E26F0378B002D2AB5 /* Products */;
			projectDirPath = "";
			projectRoot = "";
			targets = (
				1D99533C26F0378B002D2AB5 /* ScrollingMenu */,
				1D99535226F0378F002D2AB5 /* ScrollingMenuTests */,
			);
		};
/* End PBXProject section */

/* Begin PBXResourcesBuildPhase section */
		1D99533B26F0378B002D2AB5 /* Resources */ = {
			isa = PBXResourcesBuildPhase;
			buildActionMask = 2147483647;
			files = (
				1D99534D26F0378E002D2AB5 /* LaunchScreen.storyboard in Resources */,
				1D99537726F049CC002D2AB5 /* ScrollingMenu.storyboard in Resources */,
				1D99534A26F0378E002D2AB5 /* Assets.xcassets in Resources */,
				1D99534826F0378B002D2AB5 /* Main.storyboard in Resources */,
			);
			runOnlyForDeploymentPostprocessing = 0;
		};
		1D99535126F0378F002D2AB5 /* Resources */ = {
			isa = PBXResourcesBuildPhase;
			buildActionMask = 2147483647;
			files = (
			);
			runOnlyForDeploymentPostprocessing = 0;
		};
/* End PBXResourcesBuildPhase section */

/* Begin PBXSourcesBuildPhase section */
		1D99533926F0378B002D2AB5 /* Sources */ = {
			isa = PBXSourcesBuildPhase;
			buildActionMask = 2147483647;
			files = (
				1D99538E26F0A971002D2AB5 /* ImageDataLoader.swift in Sources */,
				1D99534126F0378B002D2AB5 /* AppDelegate.swift in Sources */,
				1DDE0D6D26F189AA004C1347 /* MenuComposer.swift in Sources */,
				1D99537B26F05617002D2AB5 /* ScrollingMenuViewModel.swift in Sources */,
				1D9953A226F0D775002D2AB5 /* ScrollingMenuHorizontalCell.swift in Sources */,
				1D99539826F0CE1A002D2AB5 /* UIImageView+Animations.swift in Sources */,
				1D9953A026F0D746002D2AB5 /* ScrollingMenuGridCell.swift in Sources */,
				1D99534326F0378B002D2AB5 /* SceneDelegate.swift in Sources */,
				1D99537526F0434E002D2AB5 /* ScrollingMenuViewController.swift in Sources */,
				1DDE0D6A26F18733004C1347 /* UIImage+RandomColor.swift in Sources */,
				1D9953A626F0D849002D2AB5 /* ScrollingMenuHorizontalCellController.swift in Sources */,
				1DDE0D6826F18623004C1347 /* CompanyData.swift in Sources */,
				1D99538A26F097F4002D2AB5 /* ScrollingMenuSingleViewModel.swift in Sources */,
				1D99539126F0B228002D2AB5 /* ImageDataLoaderService.swift in Sources */,
				1D99539C26F0CFC0002D2AB5 /* ScrollingMenuSingleCell.swift in Sources */,
				1D99539A26F0CE5C002D2AB5 /* UIView+Shimmering.swift in Sources */,
				1D9953A426F0D7E8002D2AB5 /* ScrollingMenuGridCellController.swift in Sources */,
				1D99539426F0C869002D2AB5 /* UITableView+Dequeueing.swift in Sources */,
				1D99539E26F0D182002D2AB5 /* CellController.swift in Sources */,
				1D99539626F0CA39002D2AB5 /* ScrollingMenuSingleCellController.swift in Sources */,
			);
			runOnlyForDeploymentPostprocessing = 0;
		};
		1D99534F26F0378F002D2AB5 /* Sources */ = {
			isa = PBXSourcesBuildPhase;
			buildActionMask = 2147483647;
			files = (
				1D99537126F03D63002D2AB5 /* ScrollingMenuViewModelTests.swift in Sources */,
				1D99537326F040A8002D2AB5 /* ScrollingMenuViewControllerTests.swift in Sources */,
				1D99537926F051F4002D2AB5 /* ScrollingMenuViewModelSpy.swift in Sources */,
				1D99538126F091E5002D2AB5 /* TestHelpers.swift in Sources */,
				1D99538C26F09874002D2AB5 /* ScrollingMenuSingleCellTests.swift in Sources */,
				1D99538826F096B8002D2AB5 /* ScrollingMenuSingleViewModelTests.swift in Sources */,
			);
			runOnlyForDeploymentPostprocessing = 0;
		};
/* End PBXSourcesBuildPhase section */

/* Begin PBXTargetDependency section */
		1D99535526F0378F002D2AB5 /* PBXTargetDependency */ = {
			isa = PBXTargetDependency;
			target = 1D99533C26F0378B002D2AB5 /* ScrollingMenu */;
			targetProxy = 1D99535426F0378F002D2AB5 /* PBXContainerItemProxy */;
		};
/* End PBXTargetDependency section */

/* Begin PBXVariantGroup section */
		1D99534626F0378B002D2AB5 /* Main.storyboard */ = {
			isa = PBXVariantGroup;
			children = (
				1D99534726F0378B002D2AB5 /* Base */,
			);
			name = Main.storyboard;
			sourceTree = "<group>";
		};
		1D99534B26F0378E002D2AB5 /* LaunchScreen.storyboard */ = {
			isa = PBXVariantGroup;
			children = (
				1D99534C26F0378E002D2AB5 /* Base */,
			);
			name = LaunchScreen.storyboard;
			sourceTree = "<group>";
		};
/* End PBXVariantGroup section */

/* Begin XCBuildConfiguration section */
		1D99536526F0378F002D2AB5 /* Debug */ = {
			isa = XCBuildConfiguration;
			buildSettings = {
				ALWAYS_SEARCH_USER_PATHS = NO;
				CLANG_ANALYZER_NONNULL = YES;
				CLANG_ANALYZER_NUMBER_OBJECT_CONVERSION = YES_AGGRESSIVE;
				CLANG_CXX_LANGUAGE_STANDARD = "gnu++14";
				CLANG_CXX_LIBRARY = "libc++";
				CLANG_ENABLE_MODULES = YES;
				CLANG_ENABLE_OBJC_ARC = YES;
				CLANG_ENABLE_OBJC_WEAK = YES;
				CLANG_WARN_BLOCK_CAPTURE_AUTORELEASING = YES;
				CLANG_WARN_BOOL_CONVERSION = YES;
				CLANG_WARN_COMMA = YES;
				CLANG_WARN_CONSTANT_CONVERSION = YES;
				CLANG_WARN_DEPRECATED_OBJC_IMPLEMENTATIONS = YES;
				CLANG_WARN_DIRECT_OBJC_ISA_USAGE = YES_ERROR;
				CLANG_WARN_DOCUMENTATION_COMMENTS = YES;
				CLANG_WARN_EMPTY_BODY = YES;
				CLANG_WARN_ENUM_CONVERSION = YES;
				CLANG_WARN_INFINITE_RECURSION = YES;
				CLANG_WARN_INT_CONVERSION = YES;
				CLANG_WARN_NON_LITERAL_NULL_CONVERSION = YES;
				CLANG_WARN_OBJC_IMPLICIT_RETAIN_SELF = YES;
				CLANG_WARN_OBJC_LITERAL_CONVERSION = YES;
				CLANG_WARN_OBJC_ROOT_CLASS = YES_ERROR;
				CLANG_WARN_QUOTED_INCLUDE_IN_FRAMEWORK_HEADER = YES;
				CLANG_WARN_RANGE_LOOP_ANALYSIS = YES;
				CLANG_WARN_STRICT_PROTOTYPES = YES;
				CLANG_WARN_SUSPICIOUS_MOVE = YES;
				CLANG_WARN_UNGUARDED_AVAILABILITY = YES_AGGRESSIVE;
				CLANG_WARN_UNREACHABLE_CODE = YES;
				CLANG_WARN__DUPLICATE_METHOD_MATCH = YES;
				COPY_PHASE_STRIP = NO;
				DEBUG_INFORMATION_FORMAT = dwarf;
				ENABLE_STRICT_OBJC_MSGSEND = YES;
				ENABLE_TESTABILITY = YES;
				GCC_C_LANGUAGE_STANDARD = gnu11;
				GCC_DYNAMIC_NO_PIC = NO;
				GCC_NO_COMMON_BLOCKS = YES;
				GCC_OPTIMIZATION_LEVEL = 0;
				GCC_PREPROCESSOR_DEFINITIONS = (
					"DEBUG=1",
					"$(inherited)",
				);
				GCC_WARN_64_TO_32_BIT_CONVERSION = YES;
				GCC_WARN_ABOUT_RETURN_TYPE = YES_ERROR;
				GCC_WARN_UNDECLARED_SELECTOR = YES;
				GCC_WARN_UNINITIALIZED_AUTOS = YES_AGGRESSIVE;
				GCC_WARN_UNUSED_FUNCTION = YES;
				GCC_WARN_UNUSED_VARIABLE = YES;
				IPHONEOS_DEPLOYMENT_TARGET = 14.5;
				MTL_ENABLE_DEBUG_INFO = INCLUDE_SOURCE;
				MTL_FAST_MATH = YES;
				ONLY_ACTIVE_ARCH = YES;
				SDKROOT = iphoneos;
				SWIFT_ACTIVE_COMPILATION_CONDITIONS = DEBUG;
				SWIFT_OPTIMIZATION_LEVEL = "-Onone";
			};
			name = Debug;
		};
		1D99536626F0378F002D2AB5 /* Release */ = {
			isa = XCBuildConfiguration;
			buildSettings = {
				ALWAYS_SEARCH_USER_PATHS = NO;
				CLANG_ANALYZER_NONNULL = YES;
				CLANG_ANALYZER_NUMBER_OBJECT_CONVERSION = YES_AGGRESSIVE;
				CLANG_CXX_LANGUAGE_STANDARD = "gnu++14";
				CLANG_CXX_LIBRARY = "libc++";
				CLANG_ENABLE_MODULES = YES;
				CLANG_ENABLE_OBJC_ARC = YES;
				CLANG_ENABLE_OBJC_WEAK = YES;
				CLANG_WARN_BLOCK_CAPTURE_AUTORELEASING = YES;
				CLANG_WARN_BOOL_CONVERSION = YES;
				CLANG_WARN_COMMA = YES;
				CLANG_WARN_CONSTANT_CONVERSION = YES;
				CLANG_WARN_DEPRECATED_OBJC_IMPLEMENTATIONS = YES;
				CLANG_WARN_DIRECT_OBJC_ISA_USAGE = YES_ERROR;
				CLANG_WARN_DOCUMENTATION_COMMENTS = YES;
				CLANG_WARN_EMPTY_BODY = YES;
				CLANG_WARN_ENUM_CONVERSION = YES;
				CLANG_WARN_INFINITE_RECURSION = YES;
				CLANG_WARN_INT_CONVERSION = YES;
				CLANG_WARN_NON_LITERAL_NULL_CONVERSION = YES;
				CLANG_WARN_OBJC_IMPLICIT_RETAIN_SELF = YES;
				CLANG_WARN_OBJC_LITERAL_CONVERSION = YES;
				CLANG_WARN_OBJC_ROOT_CLASS = YES_ERROR;
				CLANG_WARN_QUOTED_INCLUDE_IN_FRAMEWORK_HEADER = YES;
				CLANG_WARN_RANGE_LOOP_ANALYSIS = YES;
				CLANG_WARN_STRICT_PROTOTYPES = YES;
				CLANG_WARN_SUSPICIOUS_MOVE = YES;
				CLANG_WARN_UNGUARDED_AVAILABILITY = YES_AGGRESSIVE;
				CLANG_WARN_UNREACHABLE_CODE = YES;
				CLANG_WARN__DUPLICATE_METHOD_MATCH = YES;
				COPY_PHASE_STRIP = NO;
				DEBUG_INFORMATION_FORMAT = "dwarf-with-dsym";
				ENABLE_NS_ASSERTIONS = NO;
				ENABLE_STRICT_OBJC_MSGSEND = YES;
				GCC_C_LANGUAGE_STANDARD = gnu11;
				GCC_NO_COMMON_BLOCKS = YES;
				GCC_WARN_64_TO_32_BIT_CONVERSION = YES;
				GCC_WARN_ABOUT_RETURN_TYPE = YES_ERROR;
				GCC_WARN_UNDECLARED_SELECTOR = YES;
				GCC_WARN_UNINITIALIZED_AUTOS = YES_AGGRESSIVE;
				GCC_WARN_UNUSED_FUNCTION = YES;
				GCC_WARN_UNUSED_VARIABLE = YES;
				IPHONEOS_DEPLOYMENT_TARGET = 14.5;
				MTL_ENABLE_DEBUG_INFO = NO;
				MTL_FAST_MATH = YES;
				SDKROOT = iphoneos;
				SWIFT_COMPILATION_MODE = wholemodule;
				SWIFT_OPTIMIZATION_LEVEL = "-O";
				VALIDATE_PRODUCT = YES;
			};
			name = Release;
		};
		1D99536826F0378F002D2AB5 /* Debug */ = {
			isa = XCBuildConfiguration;
			buildSettings = {
				ASSETCATALOG_COMPILER_APPICON_NAME = AppIcon;
				ASSETCATALOG_COMPILER_GLOBAL_ACCENT_COLOR_NAME = AccentColor;
				CODE_SIGN_STYLE = Automatic;
				DEVELOPMENT_TEAM = CZHT3BTCGY;
				INFOPLIST_FILE = ScrollingMenu/Info.plist;
				LD_RUNPATH_SEARCH_PATHS = (
					"$(inherited)",
					"@executable_path/Frameworks",
				);
				PRODUCT_BUNDLE_IDENTIFIER = org.gdelgado.ScrollingMenu;
				PRODUCT_NAME = "$(TARGET_NAME)";
				SWIFT_VERSION = 5.0;
				TARGETED_DEVICE_FAMILY = 1;
			};
			name = Debug;
		};
		1D99536926F0378F002D2AB5 /* Release */ = {
			isa = XCBuildConfiguration;
			buildSettings = {
				ASSETCATALOG_COMPILER_APPICON_NAME = AppIcon;
				ASSETCATALOG_COMPILER_GLOBAL_ACCENT_COLOR_NAME = AccentColor;
				CODE_SIGN_STYLE = Automatic;
				DEVELOPMENT_TEAM = CZHT3BTCGY;
				INFOPLIST_FILE = ScrollingMenu/Info.plist;
				LD_RUNPATH_SEARCH_PATHS = (
					"$(inherited)",
					"@executable_path/Frameworks",
				);
				PRODUCT_BUNDLE_IDENTIFIER = org.gdelgado.ScrollingMenu;
				PRODUCT_NAME = "$(TARGET_NAME)";
				SWIFT_VERSION = 5.0;
				TARGETED_DEVICE_FAMILY = 1;
			};
			name = Release;
		};
		1D99536B26F0378F002D2AB5 /* Debug */ = {
			isa = XCBuildConfiguration;
			buildSettings = {
				ALWAYS_EMBED_SWIFT_STANDARD_LIBRARIES = YES;
				BUNDLE_LOADER = "$(TEST_HOST)";
				CLANG_ENABLE_MODULES = YES;
				CODE_SIGN_STYLE = Automatic;
				DEVELOPMENT_TEAM = CZHT3BTCGY;
				INFOPLIST_FILE = ScrollingMenuTests/Info.plist;
				IPHONEOS_DEPLOYMENT_TARGET = 14.5;
				LD_RUNPATH_SEARCH_PATHS = (
					"$(inherited)",
					"@executable_path/Frameworks",
					"@loader_path/Frameworks",
				);
				PRODUCT_BUNDLE_IDENTIFIER = org.gdelgado.ScrollingMenuTests;
				PRODUCT_NAME = "$(TARGET_NAME)";
				SWIFT_OPTIMIZATION_LEVEL = "-Onone";
				SWIFT_VERSION = 5.0;
				TARGETED_DEVICE_FAMILY = "1,2";
				TEST_HOST = "$(BUILT_PRODUCTS_DIR)/ScrollingMenu.app/ScrollingMenu";
			};
			name = Debug;
		};
		1D99536C26F0378F002D2AB5 /* Release */ = {
			isa = XCBuildConfiguration;
			buildSettings = {
				ALWAYS_EMBED_SWIFT_STANDARD_LIBRARIES = YES;
				BUNDLE_LOADER = "$(TEST_HOST)";
				CLANG_ENABLE_MODULES = YES;
				CODE_SIGN_STYLE = Automatic;
				DEVELOPMENT_TEAM = CZHT3BTCGY;
				INFOPLIST_FILE = ScrollingMenuTests/Info.plist;
				IPHONEOS_DEPLOYMENT_TARGET = 14.5;
				LD_RUNPATH_SEARCH_PATHS = (
					"$(inherited)",
					"@executable_path/Frameworks",
					"@loader_path/Frameworks",
				);
				PRODUCT_BUNDLE_IDENTIFIER = org.gdelgado.ScrollingMenuTests;
				PRODUCT_NAME = "$(TARGET_NAME)";
				SWIFT_VERSION = 5.0;
				TARGETED_DEVICE_FAMILY = "1,2";
				TEST_HOST = "$(BUILT_PRODUCTS_DIR)/ScrollingMenu.app/ScrollingMenu";
			};
			name = Release;
		};
/* End XCBuildConfiguration section */

/* Begin XCConfigurationList section */
		1D99533826F0378B002D2AB5 /* Build configuration list for PBXProject "ScrollingMenu" */ = {
			isa = XCConfigurationList;
			buildConfigurations = (
				1D99536526F0378F002D2AB5 /* Debug */,
				1D99536626F0378F002D2AB5 /* Release */,
			);
			defaultConfigurationIsVisible = 0;
			defaultConfigurationName = Release;
		};
		1D99536726F0378F002D2AB5 /* Build configuration list for PBXNativeTarget "ScrollingMenu" */ = {
			isa = XCConfigurationList;
			buildConfigurations = (
				1D99536826F0378F002D2AB5 /* Debug */,
				1D99536926F0378F002D2AB5 /* Release */,
			);
			defaultConfigurationIsVisible = 0;
			defaultConfigurationName = Release;
		};
		1D99536A26F0378F002D2AB5 /* Build configuration list for PBXNativeTarget "ScrollingMenuTests" */ = {
			isa = XCConfigurationList;
			buildConfigurations = (
				1D99536B26F0378F002D2AB5 /* Debug */,
				1D99536C26F0378F002D2AB5 /* Release */,
			);
			defaultConfigurationIsVisible = 0;
			defaultConfigurationName = Release;
		};
/* End XCConfigurationList section */
	};
	rootObject = 1D99533526F0378B002D2AB5 /* Project object */;
}
